
Microsoft Visual Studio Solution File, Format Version 12.00
# Visual Studio 15
VisualStudioVersion = 15.0.26430.16
MinimumVisualStudioVersion = 10.0.40219.1
Project("{2150E333-8FDC-42A3-9474-1A3956D46DE8}") = "APIs", "APIs", "{D6C804B7-F69F-4230-8F64-931B902CFF4A}"
EndProject
Project("{2150E333-8FDC-42A3-9474-1A3956D46DE8}") = "Clients", "Clients", "{F9FF48AD-E539-4B4A-956E-F2B9907B5EF8}"
EndProject
Project("{9A19103F-16F7-4668-BE54-9A1E7A4F7556}") = "cmdClient", "Clients\TestClient\cmdClient.csproj", "{FB8F14A2-0027-4E81-9710-7B7BD275C5F5}"
EndProject
Project("{9A19103F-16F7-4668-BE54-9A1E7A4F7556}") = "FirstResourceAPI", "APIs\FirstResourceAPI\FirstResourceAPI.csproj", "{26A1AB79-E39B-42EA-99DE-473C1A349DB9}"
EndProject
Project("{9A19103F-16F7-4668-BE54-9A1E7A4F7556}") = "IdentityServer", "IdentityServer\IdentityServer.csproj", "{A1093A7C-EC4C-477D-B022-2D6A7403B678}"
EndProject
Project("{2150E333-8FDC-42A3-9474-1A3956D46DE8}") = "MvcClient", "MvcClient", "{452CEC6F-B1CA-46EC-9835-3780FA5EED84}"
EndProject
Project("{9A19103F-16F7-4668-BE54-9A1E7A4F7556}") = "MvcClient.Domain", "Clients\MvcClient\MvcClient.Domain\MvcClient.Domain.csproj", "{0A82B891-121A-4056-A30D-93529C974C6C}"
EndProject
Project("{9A19103F-16F7-4668-BE54-9A1E7A4F7556}") = "MvcClient.DAL", "Clients\MvcClient\MvcClient.DAL\MvcClient.DAL.csproj", "{C58393B1-ADF2-426F-8911-9E70A691C60C}"
EndProject
Project("{9A19103F-16F7-4668-BE54-9A1E7A4F7556}") = "MvcClient.BLL", "Clients\MvcClient\MvcClient.BLL\MvcClient.BLL.csproj", "{73A14946-3892-45B8-9F3E-76C0A32AED7D}"
EndProject
Project("{9A19103F-16F7-4668-BE54-9A1E7A4F7556}") = "MvcClient.Web", "Clients\MvcClient\MvcClient.Web\MvcClient.Web.csproj", "{7F203107-5BFC-44ED-9619-4B60C49B6DEB}"
EndProject
Global
	GlobalSection(SolutionConfigurationPlatforms) = preSolution
		Debug|Any CPU = Debug|Any CPU
		Release|Any CPU = Release|Any CPU
	EndGlobalSection
	GlobalSection(ProjectConfigurationPlatforms) = postSolution
		{FB8F14A2-0027-4E81-9710-7B7BD275C5F5}.Debug|Any CPU.ActiveCfg = Debug|Any CPU
		{FB8F14A2-0027-4E81-9710-7B7BD275C5F5}.Debug|Any CPU.Build.0 = Debug|Any CPU
		{FB8F14A2-0027-4E81-9710-7B7BD275C5F5}.Release|Any CPU.ActiveCfg = Release|Any CPU
		{FB8F14A2-0027-4E81-9710-7B7BD275C5F5}.Release|Any CPU.Build.0 = Release|Any CPU
		{26A1AB79-E39B-42EA-99DE-473C1A349DB9}.Debug|Any CPU.ActiveCfg = Debug|Any CPU
		{26A1AB79-E39B-42EA-99DE-473C1A349DB9}.Debug|Any CPU.Build.0 = Debug|Any CPU
		{26A1AB79-E39B-42EA-99DE-473C1A349DB9}.Release|Any CPU.ActiveCfg = Release|Any CPU
		{26A1AB79-E39B-42EA-99DE-473C1A349DB9}.Release|Any CPU.Build.0 = Release|Any CPU
		{A1093A7C-EC4C-477D-B022-2D6A7403B678}.Debug|Any CPU.ActiveCfg = Debug|Any CPU
		{A1093A7C-EC4C-477D-B022-2D6A7403B678}.Debug|Any CPU.Build.0 = Debug|Any CPU
		{A1093A7C-EC4C-477D-B022-2D6A7403B678}.Release|Any CPU.ActiveCfg = Release|Any CPU
		{A1093A7C-EC4C-477D-B022-2D6A7403B678}.Release|Any CPU.Build.0 = Release|Any CPU
		{0A82B891-121A-4056-A30D-93529C974C6C}.Debug|Any CPU.ActiveCfg = Debug|Any CPU
		{0A82B891-121A-4056-A30D-93529C974C6C}.Debug|Any CPU.Build.0 = Debug|Any CPU
		{0A82B891-121A-4056-A30D-93529C974C6C}.Release|Any CPU.ActiveCfg = Release|Any CPU
		{0A82B891-121A-4056-A30D-93529C974C6C}.Release|Any CPU.Build.0 = Release|Any CPU
		{C58393B1-ADF2-426F-8911-9E70A691C60C}.Debug|Any CPU.ActiveCfg = Debug|Any CPU
		{C58393B1-ADF2-426F-8911-9E70A691C60C}.Debug|Any CPU.Build.0 = Debug|Any CPU
		{C58393B1-ADF2-426F-8911-9E70A691C60C}.Release|Any CPU.ActiveCfg = Release|Any CPU
		{C58393B1-ADF2-426F-8911-9E70A691C60C}.Release|Any CPU.Build.0 = Release|Any CPU
		{73A14946-3892-45B8-9F3E-76C0A32AED7D}.Debug|Any CPU.ActiveCfg = Debug|Any CPU
		{73A14946-3892-45B8-9F3E-76C0A32AED7D}.Debug|Any CPU.Build.0 = Debug|Any CPU
		{73A14946-3892-45B8-9F3E-76C0A32AED7D}.Release|Any CPU.ActiveCfg = Release|Any CPU
		{73A14946-3892-45B8-9F3E-76C0A32AED7D}.Release|Any CPU.Build.0 = Release|Any CPU
		{7F203107-5BFC-44ED-9619-4B60C49B6DEB}.Debug|Any CPU.ActiveCfg = Debug|Any CPU
		{7F203107-5BFC-44ED-9619-4B60C49B6DEB}.Debug|Any CPU.Build.0 = Debug|Any CPU
		{7F203107-5BFC-44ED-9619-4B60C49B6DEB}.Release|Any CPU.ActiveCfg = Release|Any CPU
		{7F203107-5BFC-44ED-9619-4B60C49B6DEB}.Release|Any CPU.Build.0 = Release|Any CPU
	EndGlobalSection
	GlobalSection(SolutionProperties) = preSolution
		HideSolutionNode = FALSE
	EndGlobalSection
	GlobalSection(NestedProjects) = preSolution
		{FB8F14A2-0027-4E81-9710-7B7BD275C5F5} = {F9FF48AD-E539-4B4A-956E-F2B9907B5EF8}
		{26A1AB79-E39B-42EA-99DE-473C1A349DB9} = {D6C804B7-F69F-4230-8F64-931B902CFF4A}
		{452CEC6F-B1CA-46EC-9835-3780FA5EED84} = {F9FF48AD-E539-4B4A-956E-F2B9907B5EF8}
		{0A82B891-121A-4056-A30D-93529C974C6C} = {452CEC6F-B1CA-46EC-9835-3780FA5EED84}
		{C58393B1-ADF2-426F-8911-9E70A691C60C} = {452CEC6F-B1CA-46EC-9835-3780FA5EED84}
		{73A14946-3892-45B8-9F3E-76C0A32AED7D} = {452CEC6F-B1CA-46EC-9835-3780FA5EED84}
		{7F203107-5BFC-44ED-9619-4B60C49B6DEB} = {452CEC6F-B1CA-46EC-9835-3780FA5EED84}
	EndGlobalSection
EndGlobal
