
Microsoft Visual Studio Solution File, Format Version 12.00
# Visual Studio 15
VisualStudioVersion = 15.0.26430.16
MinimumVisualStudioVersion = 10.0.40219.1
Project("{2150E333-8FDC-42A3-9474-1A3956D46DE8}") = "APIs", "APIs", "{D6C804B7-F69F-4230-8F64-931B902CFF4A}"
EndProject
Project("{2150E333-8FDC-42A3-9474-1A3956D46DE8}") = "Clients", "Clients", "{F9FF48AD-E539-4B4A-956E-F2B9907B5EF8}"
EndProject
Project("{9A19103F-16F7-4668-BE54-9A1E7A4F7556}") = "JsOAuth2", "Clients\JsOAuth2\JsOAuth2.csproj", "{E73088BA-7F07-4C26-A942-A521169F5BC8}"
EndProject
Project("{9A19103F-16F7-4668-BE54-9A1E7A4F7556}") = "cmdClient", "Clients\TestClient\cmdClient.csproj", "{FB8F14A2-0027-4E81-9710-7B7BD275C5F5}"
EndProject
Project("{FAE04EC0-301F-11D3-BF4B-00C04F79EFBC}") = "FirstResourceAPI", "APIs\FirstResourceAPI\FirstResourceAPI.csproj", "{26A1AB79-E39B-42EA-99DE-473C1A349DB9}"
EndProject
Project("{FAE04EC0-301F-11D3-BF4B-00C04F79EFBC}") = "IdentityServer", "IdentityServer\IdentityServer.csproj", "{A1093A7C-EC4C-477D-B022-2D6A7403B678}"
EndProject
Global
	GlobalSection(SolutionConfigurationPlatforms) = preSolution
		Debug|Any CPU = Debug|Any CPU
		Release|Any CPU = Release|Any CPU
	EndGlobalSection
	GlobalSection(ProjectConfigurationPlatforms) = postSolution
		{E73088BA-7F07-4C26-A942-A521169F5BC8}.Debug|Any CPU.ActiveCfg = Debug|Any CPU
		{E73088BA-7F07-4C26-A942-A521169F5BC8}.Debug|Any CPU.Build.0 = Debug|Any CPU
		{E73088BA-7F07-4C26-A942-A521169F5BC8}.Release|Any CPU.ActiveCfg = Release|Any CPU
		{E73088BA-7F07-4C26-A942-A521169F5BC8}.Release|Any CPU.Build.0 = Release|Any CPU
		{FB8F14A2-0027-4E81-9710-7B7BD275C5F5}.Debug|Any CPU.ActiveCfg = Debug|Any CPU
		{FB8F14A2-0027-4E81-9710-7B7BD275C5F5}.Debug|Any CPU.Build.0 = Debug|Any CPU
		{FB8F14A2-0027-4E81-9710-7B7BD275C5F5}.Release|Any CPU.ActiveCfg = Release|Any CPU
		{FB8F14A2-0027-4E81-9710-7B7BD275C5F5}.Release|Any CPU.Build.0 = Release|Any CPU
		{26A1AB79-E39B-42EA-99DE-473C1A349DB9}.Debug|Any CPU.ActiveCfg = Debug|Any CPU
		{26A1AB79-E39B-42EA-99DE-473C1A349DB9}.Debug|Any CPU.Build.0 = Debug|Any CPU
		{26A1AB79-E39B-42EA-99DE-473C1A349DB9}.Release|Any CPU.ActiveCfg = Release|Any CPU
		{26A1AB79-E39B-42EA-99DE-473C1A349DB9}.Release|Any CPU.Build.0 = Release|Any CPU
		{A1093A7C-EC4C-477D-B022-2D6A7403B678}.Debug|Any CPU.ActiveCfg = Debug|Any CPU
		{A1093A7C-EC4C-477D-B022-2D6A7403B678}.Debug|Any CPU.Build.0 = Debug|Any CPU
		{A1093A7C-EC4C-477D-B022-2D6A7403B678}.Release|Any CPU.ActiveCfg = Release|Any CPU
		{A1093A7C-EC4C-477D-B022-2D6A7403B678}.Release|Any CPU.Build.0 = Release|Any CPU
	EndGlobalSection
	GlobalSection(SolutionProperties) = preSolution
		HideSolutionNode = FALSE
	EndGlobalSection
	GlobalSection(NestedProjects) = preSolution
		{E73088BA-7F07-4C26-A942-A521169F5BC8} = {F9FF48AD-E539-4B4A-956E-F2B9907B5EF8}
		{FB8F14A2-0027-4E81-9710-7B7BD275C5F5} = {F9FF48AD-E539-4B4A-956E-F2B9907B5EF8}
		{26A1AB79-E39B-42EA-99DE-473C1A349DB9} = {D6C804B7-F69F-4230-8F64-931B902CFF4A}
	EndGlobalSection
EndGlobal
